
Microsoft Visual Studio Solution File, Format Version 12.00
# Visual Studio Version 17
VisualStudioVersion = 17.4.33205.214
MinimumVisualStudioVersion = 10.0.40219.1
Project("{FAE04EC0-301F-11D3-BF4B-00C04F79EFBC}") = "AppPay", "AppPay\AppPay.csproj", "{51421BC7-B803-4A3E-B6BC-9A2D0699E503}"
EndProject
Global
	GlobalSection(SolutionConfigurationPlatforms) = preSolution
		Debug|Any CPU = Debug|Any CPU
		Release|Any CPU = Release|Any CPU
	EndGlobalSection
	GlobalSection(ProjectConfigurationPlatforms) = postSolution
		{51421BC7-B803-4A3E-B6BC-9A2D0699E503}.Debug|Any CPU.ActiveCfg = Debug|Any CPU
		{51421BC7-B803-4A3E-B6BC-9A2D0699E503}.Debug|Any CPU.Build.0 = Debug|Any CPU
		{51421BC7-B803-4A3E-B6BC-9A2D0699E503}.Release|Any CPU.ActiveCfg = Release|Any CPU
		{51421BC7-B803-4A3E-B6BC-9A2D0699E503}.Release|Any CPU.Build.0 = Release|Any CPU
	EndGlobalSection
	GlobalSection(SolutionProperties) = preSolution
		HideSolutionNode = FALSE
	EndGlobalSection
	GlobalSection(ExtensibilityGlobals) = postSolution
		SolutionGuid = {969D7805-9DDC-40AF-89E6-F4835CE03A8A}
	EndGlobalSection
EndGlobal
